
Microsoft Visual Studio Solution File, Format Version 12.00
# Visual Studio Version 17
VisualStudioVersion = 17.13.35818.85 d17.13
MinimumVisualStudioVersion = 10.0.40219.1
Project("{FAE04EC0-301F-11D3-BF4B-00C04F79EFBC}") = "MyPortfolioUdemy", "MyPortfolioUdemy\MyPortfolioUdemy.csproj", "{0824A889-6ECD-4D3F-A8C7-5BAB29584EDF}"
EndProject
Global
	GlobalSection(SolutionConfigurationPlatforms) = preSolution
		Debug|Any CPU = Debug|Any CPU
		Release|Any CPU = Release|Any CPU
	EndGlobalSection
	GlobalSection(ProjectConfigurationPlatforms) = postSolution
		{0824A889-6ECD-4D3F-A8C7-5BAB29584EDF}.Debug|Any CPU.ActiveCfg = Debug|Any CPU
		{0824A889-6ECD-4D3F-A8C7-5BAB29584EDF}.Debug|Any CPU.Build.0 = Debug|Any CPU
		{0824A889-6ECD-4D3F-A8C7-5BAB29584EDF}.Release|Any CPU.ActiveCfg = Release|Any CPU
		{0824A889-6ECD-4D3F-A8C7-5BAB29584EDF}.Release|Any CPU.Build.0 = Release|Any CPU
	EndGlobalSection
	GlobalSection(SolutionProperties) = preSolution
		HideSolutionNode = FALSE
	EndGlobalSection
	GlobalSection(ExtensibilityGlobals) = postSolution
		SolutionGuid = {8105922E-E4FB-4C77-BA97-B567642D2080}
	EndGlobalSection
EndGlobal
